
Microsoft Visual Studio Solution File, Format Version 12.00
# Visual Studio Version 16
VisualStudioVersion = 16.0.31702.278
MinimumVisualStudioVersion = 10.0.40219.1
Project("{FAE04EC0-301F-11D3-BF4B-00C04F79EFBC}") = "serverOS", "serverOS\serverOS.csproj", "{EBBB6AC2-67EB-451C-9B09-69D480BA399F}"
EndProject
Global
	GlobalSection(SolutionConfigurationPlatforms) = preSolution
		Debug|Any CPU = Debug|Any CPU
		Release|Any CPU = Release|Any CPU
	EndGlobalSection
	GlobalSection(ProjectConfigurationPlatforms) = postSolution
		{EBBB6AC2-67EB-451C-9B09-69D480BA399F}.Debug|Any CPU.ActiveCfg = Debug|Any CPU
		{EBBB6AC2-67EB-451C-9B09-69D480BA399F}.Debug|Any CPU.Build.0 = Debug|Any CPU
		{EBBB6AC2-67EB-451C-9B09-69D480BA399F}.Release|Any CPU.ActiveCfg = Release|Any CPU
		{EBBB6AC2-67EB-451C-9B09-69D480BA399F}.Release|Any CPU.Build.0 = Release|Any CPU
	EndGlobalSection
	GlobalSection(SolutionProperties) = preSolution
		HideSolutionNode = FALSE
	EndGlobalSection
	GlobalSection(ExtensibilityGlobals) = postSolution
		SolutionGuid = {0CDFD746-E44C-4867-81FF-FE77F611FC56}
	EndGlobalSection
EndGlobal
